// !$*UTF8*$!
{
	archiveVersion = 1;
	classes = {
	};
	objectVersion = 63;
	objects = {

/* Begin PBXBuildFile section */
		782890D92CE1F68400F0DD82 /* FontsFree-Net-Montserrat-SemiBold.ttf in Resources */ = {isa = PBXBuildFile; fileRef = 782890BC2CE1F68400F0DD82 /* FontsFree-Net-Montserrat-SemiBold.ttf */; };
		782890DA2CE1F68400F0DD82 /* Assets.xcassets in Resources */ = {isa = PBXBuildFile; fileRef = 782890BE2CE1F68400F0DD82 /* Assets.xcassets */; };
		782890DB2CE1F68400F0DD82 /* Main.storyboard in Resources */ = {isa = PBXBuildFile; fileRef = 782890C12CE1F68400F0DD82 /* Main.storyboard */; };
		782890DD2CE1F68400F0DD82 /* LaunchScreen.storyboard in Resources */ = {isa = PBXBuildFile; fileRef = 782890D62CE1F68400F0DD82 /* LaunchScreen.storyboard */; };
		782890DE2CE1F68400F0DD82 /* Articles.swift in Sources */ = {isa = PBXBuildFile; fileRef = 782890B82CE1F68400F0DD82 /* Articles.swift */; };
		782890DF2CE1F68400F0DD82 /* ImageCacheService.swift in Sources */ = {isa = PBXBuildFile; fileRef = 782890C32CE1F68400F0DD82 /* ImageCacheService.swift */; };
		782890E02CE1F68400F0DD82 /* NetworkService.swift in Sources */ = {isa = PBXBuildFile; fileRef = 782890C52CE1F68400F0DD82 /* NetworkService.swift */; };
		782890E12CE1F68400F0DD82 /* ProductsListViewModel.swift in Sources */ = {isa = PBXBuildFile; fileRef = 782890C82CE1F68400F0DD82 /* ProductsListViewModel.swift */; };
		782890E22CE1F68400F0DD82 /* ProductsListTableViewCell.swift in Sources */ = {isa = PBXBuildFile; fileRef = 782890CB2CE1F68400F0DD82 /* ProductsListTableViewCell.swift */; };
		782890E32CE1F68400F0DD82 /* ProductDetailsWebViewController.swift in Sources */ = {isa = PBXBuildFile; fileRef = 782890CD2CE1F68400F0DD82 /* ProductDetailsWebViewController.swift */; };
		782890E42CE1F68400F0DD82 /* ProductsList+TableViewExtension.swift in Sources */ = {isa = PBXBuildFile; fileRef = 782890CF2CE1F68400F0DD82 /* ProductsList+TableViewExtension.swift */; };
		782890E52CE1F68400F0DD82 /* ProductsListViewController.swift in Sources */ = {isa = PBXBuildFile; fileRef = 782890D02CE1F68400F0DD82 /* ProductsListViewController.swift */; };
		782890E62CE1F68400F0DD82 /* AppDelegate.swift in Sources */ = {isa = PBXBuildFile; fileRef = 782890D32CE1F68400F0DD82 /* AppDelegate.swift */; };
		782890E72CE1F68400F0DD82 /* SceneDelegate.swift in Sources */ = {isa = PBXBuildFile; fileRef = 782890D72CE1F68400F0DD82 /* SceneDelegate.swift */; };
/* End PBXBuildFile section */

/* Begin PBXFileReference section */
		78288F582CDE68A800F0DD82 /* Vajra_iOS_Task.app */ = {isa = PBXFileReference; explicitFileType = wrapper.application; includeInIndex = 0; path = Vajra_iOS_Task.app; sourceTree = BUILT_PRODUCTS_DIR; };
		782890B82CE1F68400F0DD82 /* Articles.swift */ = {isa = PBXFileReference; lastKnownFileType = sourcecode.swift; path = Articles.swift; sourceTree = "<group>"; };
		782890BC2CE1F68400F0DD82 /* FontsFree-Net-Montserrat-SemiBold.ttf */ = {isa = PBXFileReference; lastKnownFileType = file; path = "FontsFree-Net-Montserrat-SemiBold.ttf"; sourceTree = "<group>"; };
		782890BE2CE1F68400F0DD82 /* Assets.xcassets */ = {isa = PBXFileReference; lastKnownFileType = folder.assetcatalog; path = Assets.xcassets; sourceTree = "<group>"; };
		782890C02CE1F68400F0DD82 /* Base */ = {isa = PBXFileReference; lastKnownFileType = file.storyboard; name = Base; path = Base.lproj/Main.storyboard; sourceTree = "<group>"; };
		782890C32CE1F68400F0DD82 /* ImageCacheService.swift */ = {isa = PBXFileReference; lastKnownFileType = sourcecode.swift; path = ImageCacheService.swift; sourceTree = "<group>"; };
		782890C52CE1F68400F0DD82 /* NetworkService.swift */ = {isa = PBXFileReference; lastKnownFileType = sourcecode.swift; path = NetworkService.swift; sourceTree = "<group>"; };
		782890C82CE1F68400F0DD82 /* ProductsListViewModel.swift */ = {isa = PBXFileReference; lastKnownFileType = sourcecode.swift; path = ProductsListViewModel.swift; sourceTree = "<group>"; };
		782890CB2CE1F68400F0DD82 /* ProductsListTableViewCell.swift */ = {isa = PBXFileReference; lastKnownFileType = sourcecode.swift; path = ProductsListTableViewCell.swift; sourceTree = "<group>"; };
		782890CD2CE1F68400F0DD82 /* ProductDetailsWebViewController.swift */ = {isa = PBXFileReference; lastKnownFileType = sourcecode.swift; path = ProductDetailsWebViewController.swift; sourceTree = "<group>"; };
		782890CF2CE1F68400F0DD82 /* ProductsList+TableViewExtension.swift */ = {isa = PBXFileReference; lastKnownFileType = sourcecode.swift; path = "ProductsList+TableViewExtension.swift"; sourceTree = "<group>"; };
		782890D02CE1F68400F0DD82 /* ProductsListViewController.swift */ = {isa = PBXFileReference; lastKnownFileType = sourcecode.swift; path = ProductsListViewController.swift; sourceTree = "<group>"; };
		782890D32CE1F68400F0DD82 /* AppDelegate.swift */ = {isa = PBXFileReference; lastKnownFileType = sourcecode.swift; path = AppDelegate.swift; sourceTree = "<group>"; };
		782890D42CE1F68400F0DD82 /* Info.plist */ = {isa = PBXFileReference; lastKnownFileType = text.plist.xml; path = Info.plist; sourceTree = "<group>"; };
		782890D52CE1F68400F0DD82 /* Base */ = {isa = PBXFileReference; lastKnownFileType = file.storyboard; name = Base; path = Base.lproj/LaunchScreen.storyboard; sourceTree = "<group>"; };
		782890D72CE1F68400F0DD82 /* SceneDelegate.swift */ = {isa = PBXFileReference; lastKnownFileType = sourcecode.swift; path = SceneDelegate.swift; sourceTree = "<group>"; };
/* End PBXFileReference section */

/* Begin PBXFrameworksBuildPhase section */
		78288F552CDE68A800F0DD82 /* Frameworks */ = {
			isa = PBXFrameworksBuildPhase;
			buildActionMask = 2147483647;
			files = (
			);
			runOnlyForDeploymentPostprocessing = 0;
		};
/* End PBXFrameworksBuildPhase section */

/* Begin PBXGroup section */
		78288F4F2CDE68A800F0DD82 = {
			isa = PBXGroup;
			children = (
				782890D82CE1F68400F0DD82 /* Vajra_iOS_Task */,
				78288F592CDE68A800F0DD82 /* Products */,
			);
			sourceTree = "<group>";
		};
		78288F592CDE68A800F0DD82 /* Products */ = {
			isa = PBXGroup;
			children = (
				78288F582CDE68A800F0DD82 /* Vajra_iOS_Task.app */,
			);
			name = Products;
			sourceTree = "<group>";
		};
		782890B92CE1F68400F0DD82 /* Articles */ = {
			isa = PBXGroup;
			children = (
				782890B82CE1F68400F0DD82 /* Articles.swift */,
			);
			path = Articles;
			sourceTree = "<group>";
		};
		782890BA2CE1F68400F0DD82 /* Products */ = {
			isa = PBXGroup;
			children = (
				782890B92CE1F68400F0DD82 /* Articles */,
			);
			path = Products;
			sourceTree = "<group>";
		};
		782890BB2CE1F68400F0DD82 /* Models */ = {
			isa = PBXGroup;
			children = (
				782890BA2CE1F68400F0DD82 /* Products */,
			);
			path = Models;
			sourceTree = "<group>";
		};
		782890BD2CE1F68400F0DD82 /* Fonts */ = {
			isa = PBXGroup;
			children = (
				782890BC2CE1F68400F0DD82 /* FontsFree-Net-Montserrat-SemiBold.ttf */,
			);
			path = Fonts;
			sourceTree = "<group>";
		};
		782890BF2CE1F68400F0DD82 /* Resources */ = {
			isa = PBXGroup;
			children = (
				782890BD2CE1F68400F0DD82 /* Fonts */,
				782890BE2CE1F68400F0DD82 /* Assets.xcassets */,
			);
			path = Resources;
			sourceTree = "<group>";
		};
		782890C22CE1F68400F0DD82 /* StoryBoard */ = {
			isa = PBXGroup;
			children = (
				782890C12CE1F68400F0DD82 /* Main.storyboard */,
			);
			path = StoryBoard;
			sourceTree = "<group>";
		};
		782890C42CE1F68400F0DD82 /* Image Cache */ = {
			isa = PBXGroup;
			children = (
				782890C32CE1F68400F0DD82 /* ImageCacheService.swift */,
			);
			path = "Image Cache";
			sourceTree = "<group>";
		};
		782890C62CE1F68400F0DD82 /* Network Service */ = {
			isa = PBXGroup;
			children = (
				782890C52CE1F68400F0DD82 /* NetworkService.swift */,
			);
			path = "Network Service";
			sourceTree = "<group>";
		};
		782890C72CE1F68400F0DD82 /* Utility */ = {
			isa = PBXGroup;
			children = (
				782890C42CE1F68400F0DD82 /* Image Cache */,
				782890C62CE1F68400F0DD82 /* Network Service */,
			);
			path = Utility;
			sourceTree = "<group>";
		};
		782890C92CE1F68400F0DD82 /* Products List View Model */ = {
			isa = PBXGroup;
			children = (
				782890C82CE1F68400F0DD82 /* ProductsListViewModel.swift */,
			);
			path = "Products List View Model";
			sourceTree = "<group>";
		};
		782890CA2CE1F68400F0DD82 /* View Models */ = {
			isa = PBXGroup;
			children = (
				782890C92CE1F68400F0DD82 /* Products List View Model */,
			);
			path = "View Models";
			sourceTree = "<group>";
		};
		782890CC2CE1F68400F0DD82 /* Cells */ = {
			isa = PBXGroup;
			children = (
				782890CB2CE1F68400F0DD82 /* ProductsListTableViewCell.swift */,
			);
			path = Cells;
			sourceTree = "<group>";
		};
		782890CE2CE1F68400F0DD82 /* Product Web View */ = {
			isa = PBXGroup;
			children = (
				782890CD2CE1F68400F0DD82 /* ProductDetailsWebViewController.swift */,
			);
			path = "Product Web View";
			sourceTree = "<group>";
		};
		782890D12CE1F68400F0DD82 /* Products List Views */ = {
			isa = PBXGroup;
			children = (
				782890CF2CE1F68400F0DD82 /* ProductsList+TableViewExtension.swift */,
				782890D02CE1F68400F0DD82 /* ProductsListViewController.swift */,
			);
			path = "Products List Views";
			sourceTree = "<group>";
		};
		782890D22CE1F68400F0DD82 /* Views */ = {
			isa = PBXGroup;
			children = (
				782890CC2CE1F68400F0DD82 /* Cells */,
				782890CE2CE1F68400F0DD82 /* Product Web View */,
				782890D12CE1F68400F0DD82 /* Products List Views */,
			);
			path = Views;
			sourceTree = "<group>";
		};
		782890D82CE1F68400F0DD82 /* Vajra_iOS_Task */ = {
			isa = PBXGroup;
			children = (
				782890BB2CE1F68400F0DD82 /* Models */,
				782890BF2CE1F68400F0DD82 /* Resources */,
				782890C22CE1F68400F0DD82 /* StoryBoard */,
				782890C72CE1F68400F0DD82 /* Utility */,
				782890CA2CE1F68400F0DD82 /* View Models */,
				782890D22CE1F68400F0DD82 /* Views */,
				782890D32CE1F68400F0DD82 /* AppDelegate.swift */,
				782890D42CE1F68400F0DD82 /* Info.plist */,
				782890D62CE1F68400F0DD82 /* LaunchScreen.storyboard */,
				782890D72CE1F68400F0DD82 /* SceneDelegate.swift */,
			);
			path = Vajra_iOS_Task;
			sourceTree = "<group>";
		};
/* End PBXGroup section */

/* Begin PBXNativeTarget section */
		78288F572CDE68A800F0DD82 /* Vajra_iOS_Task */ = {
			isa = PBXNativeTarget;
			buildConfigurationList = 78288F6B2CDE68A900F0DD82 /* Build configuration list for PBXNativeTarget "Vajra_iOS_Task" */;
			buildPhases = (
				78288F542CDE68A800F0DD82 /* Sources */,
				78288F552CDE68A800F0DD82 /* Frameworks */,
				78288F562CDE68A800F0DD82 /* Resources */,
			);
			buildRules = (
			);
			dependencies = (
			);
			name = Vajra_iOS_Task;
			packageProductDependencies = (
			);
			productName = Vajra_iOS_Task;
			productReference = 78288F582CDE68A800F0DD82 /* Vajra_iOS_Task.app */;
			productType = "com.apple.product-type.application";
		};
/* End PBXNativeTarget section */

/* Begin PBXProject section */
		78288F502CDE68A800F0DD82 /* Project object */ = {
			isa = PBXProject;
			attributes = {
				BuildIndependentTargetsInParallel = 1;
				LastSwiftUpdateCheck = 1610;
				LastUpgradeCheck = 1610;
				TargetAttributes = {
					78288F572CDE68A800F0DD82 = {
						CreatedOnToolsVersion = 16.1;
					};
				};
			};
			buildConfigurationList = 78288F532CDE68A800F0DD82 /* Build configuration list for PBXProject "Vajra_iOS_Task" */;
			compatibilityVersion = "Xcode 15.0";
			developmentRegion = en;
			hasScannedForEncodings = 0;
			knownRegions = (
				en,
				Base,
			);
			mainGroup = 78288F4F2CDE68A800F0DD82;
			minimizedProjectReferenceProxies = 1;
			productRefGroup = 78288F592CDE68A800F0DD82 /* Products */;
			projectDirPath = "";
			projectRoot = "";
			targets = (
				78288F572CDE68A800F0DD82 /* Vajra_iOS_Task */,
			);
		};
/* End PBXProject section */

/* Begin PBXResourcesBuildPhase section */
		78288F562CDE68A800F0DD82 /* Resources */ = {
			isa = PBXResourcesBuildPhase;
			buildActionMask = 2147483647;
			files = (
				782890D92CE1F68400F0DD82 /* FontsFree-Net-Montserrat-SemiBold.ttf in Resources */,
				782890DA2CE1F68400F0DD82 /* Assets.xcassets in Resources */,
				782890DB2CE1F68400F0DD82 /* Main.storyboard in Resources */,
				782890DD2CE1F68400F0DD82 /* LaunchScreen.storyboard in Resources */,
			);
			runOnlyForDeploymentPostprocessing = 0;
		};
/* End PBXResourcesBuildPhase section */

/* Begin PBXSourcesBuildPhase section */
		78288F542CDE68A800F0DD82 /* Sources */ = {
			isa = PBXSourcesBuildPhase;
			buildActionMask = 2147483647;
			files = (
				782890DE2CE1F68400F0DD82 /* Articles.swift in Sources */,
				782890DF2CE1F68400F0DD82 /* ImageCacheService.swift in Sources */,
				782890E02CE1F68400F0DD82 /* NetworkService.swift in Sources */,
				782890E12CE1F68400F0DD82 /* ProductsListViewModel.swift in Sources */,
				782890E22CE1F68400F0DD82 /* ProductsListTableViewCell.swift in Sources */,
				782890E32CE1F68400F0DD82 /* ProductDetailsWebViewController.swift in Sources */,
				782890E42CE1F68400F0DD82 /* ProductsList+TableViewExtension.swift in Sources */,
				782890E52CE1F68400F0DD82 /* ProductsListViewController.swift in Sources */,
				782890E62CE1F68400F0DD82 /* AppDelegate.swift in Sources */,
				782890E72CE1F68400F0DD82 /* SceneDelegate.swift in Sources */,
			);
			runOnlyForDeploymentPostprocessing = 0;
		};
/* End PBXSourcesBuildPhase section */

/* Begin PBXVariantGroup section */
		782890C12CE1F68400F0DD82 /* Main.storyboard */ = {
			isa = PBXVariantGroup;
			children = (
				782890C02CE1F68400F0DD82 /* Base */,
			);
			name = Main.storyboard;
			sourceTree = "<group>";
		};
		782890D62CE1F68400F0DD82 /* LaunchScreen.storyboard */ = {
			isa = PBXVariantGroup;
			children = (
				782890D52CE1F68400F0DD82 /* Base */,
			);
			name = LaunchScreen.storyboard;
			sourceTree = "<group>";
		};
/* End PBXVariantGroup section */

/* Begin XCBuildConfiguration section */
		78288F6C2CDE68A900F0DD82 /* Debug */ = {
			isa = XCBuildConfiguration;
			buildSettings = {
				ASSETCATALOG_COMPILER_APPICON_NAME = AppIcon;
				ASSETCATALOG_COMPILER_GLOBAL_ACCENT_COLOR_NAME = AccentColor;
				CODE_SIGN_STYLE = Automatic;
				CURRENT_PROJECT_VERSION = 1;
				DEVELOPMENT_TEAM = D5JXUJ9PUP;
				GENERATE_INFOPLIST_FILE = YES;
				INFOPLIST_FILE = Vajra_iOS_Task/Info.plist;
				INFOPLIST_KEY_UIApplicationSupportsIndirectInputEvents = YES;
				INFOPLIST_KEY_UILaunchStoryboardName = LaunchScreen;
				INFOPLIST_KEY_UIMainStoryboardFile = Main;
				INFOPLIST_KEY_UISupportedInterfaceOrientations_iPad = "UIInterfaceOrientationPortrait UIInterfaceOrientationPortraitUpsideDown UIInterfaceOrientationLandscapeLeft UIInterfaceOrientationLandscapeRight";
				INFOPLIST_KEY_UISupportedInterfaceOrientations_iPhone = "UIInterfaceOrientationPortrait UIInterfaceOrientationLandscapeLeft UIInterfaceOrientationLandscapeRight";
				IPHONEOS_DEPLOYMENT_TARGET = 16.0;
				LD_RUNPATH_SEARCH_PATHS = (
					"$(inherited)",
					"@executable_path/Frameworks",
				);
				MARKETING_VERSION = 1.0;
				PRODUCT_BUNDLE_IDENTIFIER = "com.gs.Vajra-iOS-Task";
				PRODUCT_NAME = "$(TARGET_NAME)";
				SWIFT_EMIT_LOC_STRINGS = YES;
				SWIFT_VERSION = 5.0;
				TARGETED_DEVICE_FAMILY = "1,2";
			};
			name = Debug;
		};
		78288F6D2CDE68A900F0DD82 /* Release */ = {
			isa = XCBuildConfiguration;
			buildSettings = {
				ASSETCATALOG_COMPILER_APPICON_NAME = AppIcon;
				ASSETCATALOG_COMPILER_GLOBAL_ACCENT_COLOR_NAME = AccentColor;
				CODE_SIGN_STYLE = Automatic;
				CURRENT_PROJECT_VERSION = 1;
				DEVELOPMENT_TEAM = D5JXUJ9PUP;
				GENERATE_INFOPLIST_FILE = YES;
				INFOPLIST_FILE = Vajra_iOS_Task/Info.plist;
				INFOPLIST_KEY_UIApplicationSupportsIndirectInputEvents = YES;
				INFOPLIST_KEY_UILaunchStoryboardName = LaunchScreen;
				INFOPLIST_KEY_UIMainStoryboardFile = Main;
				INFOPLIST_KEY_UISupportedInterfaceOrientations_iPad = "UIInterfaceOrientationPortrait UIInterfaceOrientationPortraitUpsideDown UIInterfaceOrientationLandscapeLeft UIInterfaceOrientationLandscapeRight";
				INFOPLIST_KEY_UISupportedInterfaceOrientations_iPhone = "UIInterfaceOrientationPortrait UIInterfaceOrientationLandscapeLeft UIInterfaceOrientationLandscapeRight";
				IPHONEOS_DEPLOYMENT_TARGET = 16.0;
				LD_RUNPATH_SEARCH_PATHS = (
					"$(inherited)",
					"@executable_path/Frameworks",
				);
				MARKETING_VERSION = 1.0;
				PRODUCT_BUNDLE_IDENTIFIER = "com.gs.Vajra-iOS-Task";
				PRODUCT_NAME = "$(TARGET_NAME)";
				SWIFT_EMIT_LOC_STRINGS = YES;
				SWIFT_VERSION = 5.0;
				TARGETED_DEVICE_FAMILY = "1,2";
			};
			name = Release;
		};
		78288F6E2CDE68A900F0DD82 /* Debug */ = {
			isa = XCBuildConfiguration;
			buildSettings = {
				ALWAYS_SEARCH_USER_PATHS = NO;
				ASSETCATALOG_COMPILER_GENERATE_SWIFT_ASSET_SYMBOL_EXTENSIONS = YES;
				CLANG_ANALYZER_NONNULL = YES;
				CLANG_ANALYZER_NUMBER_OBJECT_CONVERSION = YES_AGGRESSIVE;
				CLANG_CXX_LANGUAGE_STANDARD = "gnu++20";
				CLANG_ENABLE_MODULES = YES;
				CLANG_ENABLE_OBJC_ARC = YES;
				CLANG_ENABLE_OBJC_WEAK = YES;
				CLANG_WARN_BLOCK_CAPTURE_AUTORELEASING = YES;
				CLANG_WARN_BOOL_CONVERSION = YES;
				CLANG_WARN_COMMA = YES;
				CLANG_WARN_CONSTANT_CONVERSION = YES;
				CLANG_WARN_DEPRECATED_OBJC_IMPLEMENTATIONS = YES;
				CLANG_WARN_DIRECT_OBJC_ISA_USAGE = YES_ERROR;
				CLANG_WARN_DOCUMENTATION_COMMENTS = YES;
				CLANG_WARN_EMPTY_BODY = YES;
				CLANG_WARN_ENUM_CONVERSION = YES;
				CLANG_WARN_INFINITE_RECURSION = YES;
				CLANG_WARN_INT_CONVERSION = YES;
				CLANG_WARN_NON_LITERAL_NULL_CONVERSION = YES;
				CLANG_WARN_OBJC_IMPLICIT_RETAIN_SELF = YES;
				CLANG_WARN_OBJC_LITERAL_CONVERSION = YES;
				CLANG_WARN_OBJC_ROOT_CLASS = YES_ERROR;
				CLANG_WARN_QUOTED_INCLUDE_IN_FRAMEWORK_HEADER = YES;
				CLANG_WARN_RANGE_LOOP_ANALYSIS = YES;
				CLANG_WARN_STRICT_PROTOTYPES = YES;
				CLANG_WARN_SUSPICIOUS_MOVE = YES;
				CLANG_WARN_UNGUARDED_AVAILABILITY = YES_AGGRESSIVE;
				CLANG_WARN_UNREACHABLE_CODE = YES;
				CLANG_WARN__DUPLICATE_METHOD_MATCH = YES;
				COPY_PHASE_STRIP = NO;
				DEBUG_INFORMATION_FORMAT = dwarf;
				ENABLE_STRICT_OBJC_MSGSEND = YES;
				ENABLE_TESTABILITY = YES;
				ENABLE_USER_SCRIPT_SANDBOXING = YES;
				GCC_C_LANGUAGE_STANDARD = gnu17;
				GCC_DYNAMIC_NO_PIC = NO;
				GCC_NO_COMMON_BLOCKS = YES;
				GCC_OPTIMIZATION_LEVEL = 0;
				GCC_PREPROCESSOR_DEFINITIONS = (
					"DEBUG=1",
					"$(inherited)",
				);
				GCC_WARN_64_TO_32_BIT_CONVERSION = YES;
				GCC_WARN_ABOUT_RETURN_TYPE = YES_ERROR;
				GCC_WARN_UNDECLARED_SELECTOR = YES;
				GCC_WARN_UNINITIALIZED_AUTOS = YES_AGGRESSIVE;
				GCC_WARN_UNUSED_FUNCTION = YES;
				GCC_WARN_UNUSED_VARIABLE = YES;
				IPHONEOS_DEPLOYMENT_TARGET = 18.1;
				LOCALIZATION_PREFERS_STRING_CATALOGS = YES;
				MTL_ENABLE_DEBUG_INFO = INCLUDE_SOURCE;
				MTL_FAST_MATH = YES;
				ONLY_ACTIVE_ARCH = YES;
				SDKROOT = iphoneos;
				SWIFT_ACTIVE_COMPILATION_CONDITIONS = "DEBUG $(inherited)";
				SWIFT_OPTIMIZATION_LEVEL = "-Onone";
			};
			name = Debug;
		};
		78288F6F2CDE68A900F0DD82 /* Release */ = {
			isa = XCBuildConfiguration;
			buildSettings = {
				ALWAYS_SEARCH_USER_PATHS = NO;
				ASSETCATALOG_COMPILER_GENERATE_SWIFT_ASSET_SYMBOL_EXTENSIONS = YES;
				CLANG_ANALYZER_NONNULL = YES;
				CLANG_ANALYZER_NUMBER_OBJECT_CONVERSION = YES_AGGRESSIVE;
				CLANG_CXX_LANGUAGE_STANDARD = "gnu++20";
				CLANG_ENABLE_MODULES = YES;
				CLANG_ENABLE_OBJC_ARC = YES;
				CLANG_ENABLE_OBJC_WEAK = YES;
				CLANG_WARN_BLOCK_CAPTURE_AUTORELEASING = YES;
				CLANG_WARN_BOOL_CONVERSION = YES;
				CLANG_WARN_COMMA = YES;
				CLANG_WARN_CONSTANT_CONVERSION = YES;
				CLANG_WARN_DEPRECATED_OBJC_IMPLEMENTATIONS = YES;
				CLANG_WARN_DIRECT_OBJC_ISA_USAGE = YES_ERROR;
				CLANG_WARN_DOCUMENTATION_COMMENTS = YES;
				CLANG_WARN_EMPTY_BODY = YES;
				CLANG_WARN_ENUM_CONVERSION = YES;
				CLANG_WARN_INFINITE_RECURSION = YES;
				CLANG_WARN_INT_CONVERSION = YES;
				CLANG_WARN_NON_LITERAL_NULL_CONVERSION = YES;
				CLANG_WARN_OBJC_IMPLICIT_RETAIN_SELF = YES;
				CLANG_WARN_OBJC_LITERAL_CONVERSION = YES;
				CLANG_WARN_OBJC_ROOT_CLASS = YES_ERROR;
				CLANG_WARN_QUOTED_INCLUDE_IN_FRAMEWORK_HEADER = YES;
				CLANG_WARN_RANGE_LOOP_ANALYSIS = YES;
				CLANG_WARN_STRICT_PROTOTYPES = YES;
				CLANG_WARN_SUSPICIOUS_MOVE = YES;
				CLANG_WARN_UNGUARDED_AVAILABILITY = YES_AGGRESSIVE;
				CLANG_WARN_UNREACHABLE_CODE = YES;
				CLANG_WARN__DUPLICATE_METHOD_MATCH = YES;
				COPY_PHASE_STRIP = NO;
				DEBUG_INFORMATION_FORMAT = "dwarf-with-dsym";
				ENABLE_NS_ASSERTIONS = NO;
				ENABLE_STRICT_OBJC_MSGSEND = YES;
				ENABLE_USER_SCRIPT_SANDBOXING = YES;
				GCC_C_LANGUAGE_STANDARD = gnu17;
				GCC_NO_COMMON_BLOCKS = YES;
				GCC_WARN_64_TO_32_BIT_CONVERSION = YES;
				GCC_WARN_ABOUT_RETURN_TYPE = YES_ERROR;
				GCC_WARN_UNDECLARED_SELECTOR = YES;
				GCC_WARN_UNINITIALIZED_AUTOS = YES_AGGRESSIVE;
				GCC_WARN_UNUSED_FUNCTION = YES;
				GCC_WARN_UNUSED_VARIABLE = YES;
				IPHONEOS_DEPLOYMENT_TARGET = 18.1;
				LOCALIZATION_PREFERS_STRING_CATALOGS = YES;
				MTL_ENABLE_DEBUG_INFO = NO;
				MTL_FAST_MATH = YES;
				SDKROOT = iphoneos;
				SWIFT_COMPILATION_MODE = wholemodule;
				VALIDATE_PRODUCT = YES;
			};
			name = Release;
		};
/* End XCBuildConfiguration section */

/* Begin XCConfigurationList section */
		78288F532CDE68A800F0DD82 /* Build configuration list for PBXProject "Vajra_iOS_Task" */ = {
			isa = XCConfigurationList;
			buildConfigurations = (
				78288F6E2CDE68A900F0DD82 /* Debug */,
				78288F6F2CDE68A900F0DD82 /* Release */,
			);
			defaultConfigurationIsVisible = 0;
			defaultConfigurationName = Release;
		};
		78288F6B2CDE68A900F0DD82 /* Build configuration list for PBXNativeTarget "Vajra_iOS_Task" */ = {
			isa = XCConfigurationList;
			buildConfigurations = (
				78288F6C2CDE68A900F0DD82 /* Debug */,
				78288F6D2CDE68A900F0DD82 /* Release */,
			);
			defaultConfigurationIsVisible = 0;
			defaultConfigurationName = Release;
		};
/* End XCConfigurationList section */
	};
	rootObject = 78288F502CDE68A800F0DD82 /* Project object */;
}
